
Microsoft Visual Studio Solution File, Format Version 12.00
# Visual Studio Version 17
VisualStudioVersion = 17.9.34622.214
MinimumVisualStudioVersion = 10.0.40219.1
Project("{FAE04EC0-301F-11D3-BF4B-00C04F79EFBC}") = "MvcConciertosMPM", "MvcConciertosMPM\MvcConciertosMPM.csproj", "{8F7C4D4B-7F7B-4F8B-A37F-162AE5901C74}"
EndProject
Global
	GlobalSection(SolutionConfigurationPlatforms) = preSolution
		Debug|Any CPU = Debug|Any CPU
		Release|Any CPU = Release|Any CPU
	EndGlobalSection
	GlobalSection(ProjectConfigurationPlatforms) = postSolution
		{8F7C4D4B-7F7B-4F8B-A37F-162AE5901C74}.Debug|Any CPU.ActiveCfg = Debug|Any CPU
		{8F7C4D4B-7F7B-4F8B-A37F-162AE5901C74}.Debug|Any CPU.Build.0 = Debug|Any CPU
		{8F7C4D4B-7F7B-4F8B-A37F-162AE5901C74}.Release|Any CPU.ActiveCfg = Release|Any CPU
		{8F7C4D4B-7F7B-4F8B-A37F-162AE5901C74}.Release|Any CPU.Build.0 = Release|Any CPU
	EndGlobalSection
	GlobalSection(SolutionProperties) = preSolution
		HideSolutionNode = FALSE
	EndGlobalSection
	GlobalSection(ExtensibilityGlobals) = postSolution
		SolutionGuid = {8D5EF13E-8C1A-4424-8004-5C7FA5912506}
	EndGlobalSection
EndGlobal
